
Microsoft Visual Studio Solution File, Format Version 12.00
# Visual Studio 14
VisualStudioVersion = 14.0.23107.0
MinimumVisualStudioVersion = 10.0.40219.1
Project("{FAE04EC0-301F-11D3-BF4B-00C04F79EFBC}") = "AlgorithmicTrading", "AlgorithmicTrading\AlgorithmicTrading.csproj", "{3C0EA218-86DB-453B-B536-C6178B2DB861}"
EndProject
Project("{FAE04EC0-301F-11D3-BF4B-00C04F79EFBC}") = "AlgorithmicTrading.Wpf", "AlgorithmicTrading.Wpf\AlgorithmicTrading.Wpf.csproj", "{360A5432-9683-4BE5-B4B8-0C261BBE5BF9}"
EndProject
Global
	GlobalSection(SolutionConfigurationPlatforms) = preSolution
		Debug|Any CPU = Debug|Any CPU
		Release|Any CPU = Release|Any CPU
	EndGlobalSection
	GlobalSection(ProjectConfigurationPlatforms) = postSolution
		{3C0EA218-86DB-453B-B536-C6178B2DB861}.Debug|Any CPU.ActiveCfg = Debug|Any CPU
		{3C0EA218-86DB-453B-B536-C6178B2DB861}.Debug|Any CPU.Build.0 = Debug|Any CPU
		{3C0EA218-86DB-453B-B536-C6178B2DB861}.Release|Any CPU.ActiveCfg = Release|Any CPU
		{3C0EA218-86DB-453B-B536-C6178B2DB861}.Release|Any CPU.Build.0 = Release|Any CPU
		{360A5432-9683-4BE5-B4B8-0C261BBE5BF9}.Debug|Any CPU.ActiveCfg = Debug|Any CPU
		{360A5432-9683-4BE5-B4B8-0C261BBE5BF9}.Debug|Any CPU.Build.0 = Debug|Any CPU
		{360A5432-9683-4BE5-B4B8-0C261BBE5BF9}.Release|Any CPU.ActiveCfg = Release|Any CPU
		{360A5432-9683-4BE5-B4B8-0C261BBE5BF9}.Release|Any CPU.Build.0 = Release|Any CPU
	EndGlobalSection
	GlobalSection(SolutionProperties) = preSolution
		HideSolutionNode = FALSE
	EndGlobalSection
EndGlobal
